{
  "nodes": {
    "composer2nix": {
      "inputs": {
        "nixpkgs": [
          "nixpkgs"
        ]
      },
      "locked": {
        "lastModified": 1728229667,
        "narHash": "sha256-01+4x+vb6p5o3fVh9FgoTA8WbPZXn8tDLLuN6mvq4so=",
        "owner": "felixdorn",
        "repo": "composer2nix",
        "rev": "93420e0b2a6c77085adf9d3bbecbe1eff9ae3725",
        "type": "github"
      },
      "original": {
        "owner": "felixdorn",
        "repo": "composer2nix",
        "type": "github"
      }
    },
    "nixpkgs": {
      "locked": {
        "lastModified": 1728249353,
        "narHash": "sha256-7NBJm1jfMeAowE1J2oljYqWVvI9X7FyyxBY4O8uB/Os=",
        "owner": "nixos",
        "repo": "nixpkgs",
        "rev": "c8a17040be4a20b29589cb4043a9e0c36af1930e",
        "type": "github"
      },
      "original": {
        "owner": "nixos",
        "ref": "nixpkgs-unstable",
        "repo": "nixpkgs",
        "type": "github"
      }
    },
    "root": {
      "inputs": {
        "composer2nix": "composer2nix",
        "nixpkgs": "nixpkgs"
      }
    }
  },
  "root": "root",
  "version": 7
}
