{
  "nodes": {
    "composer2nix": {
      "inputs": {
        "nixpkgs": [
          "nixpkgs"
        ]
      },
      "locked": {
        "lastModified": 1728229667,
        "narHash": "sha256-01+4x+vb6p5o3fVh9FgoTA8WbPZXn8tDLLuN6mvq4so=",
        "owner": "felixdorn",
        "repo": "composer2nix",
        "rev": "93420e0b2a6c77085adf9d3bbecbe1eff9ae3725",
        "type": "github"
      },
      "original": {
        "owner": "felixdorn",
        "repo": "composer2nix",
        "type": "github"
      }
    },
    "nixpkgs": {
      "locked": {
        "lastModified": 1728217273,
        "narHash": "sha256-p/gvyVf24WFs0bted3c71uSQk++ZOYRWbg3bjRoePu4=",
        "owner": "nixos",
        "repo": "nixpkgs",
        "rev": "50b3bd3fed0442bcbf7f58355e990da84af1749d",
        "type": "github"
      },
      "original": {
        "owner": "nixos",
        "ref": "nixpkgs-unstable",
        "repo": "nixpkgs",
        "type": "github"
      }
    },
    "root": {
      "inputs": {
        "composer2nix": "composer2nix",
        "nixpkgs": "nixpkgs"
      }
    }
  },
  "root": "root",
  "version": 7
}
